# THIS IS AN AUTOGENERATED FILE. DO NOT EDIT THIS FILE DIRECTLY.
# yarn lockfile v1


"@babel/helper-string-parser@^7.27.1":
  version "7.27.1"
  resolved "https://registry.yarnpkg.com/@babel/helper-string-parser/-/helper-string-parser-7.27.1.tgz#54da796097ab19ce67ed9f88b47bb2ec49367687"
  integrity sha512-qMlSxKbpRlAridDExk92nSobyDdpPijUq2DW6oDnUqd0iOGxmQjyqhMIihI9+zv4LPyZdRje2cavWPbCbWm3eA==

"@babel/helper-validator-identifier@^7.27.1":
  version "7.27.1"
  resolved "https://registry.yarnpkg.com/@babel/helper-validator-identifier/-/helper-validator-identifier-7.27.1.tgz#a7054dcc145a967dd4dc8fee845a57c1316c9df8"
  integrity sha512-D2hP9eA+Sqx1kBZgzxZh0y1trbuU+JoDkiEwqhQ36nodYqJwyEIhPSdMNd7lOm/4io72luTPWH20Yda0xOuUow==

"@babel/parser@^7.28.3":
  version "7.28.3"
  resolved "https://registry.yarnpkg.com/@babel/parser/-/parser-7.28.3.tgz#d2d25b814621bca5fe9d172bc93792547e7a2a71"
  integrity sha512-7+Ey1mAgYqFAx2h0RuoxcQT5+MlG3GTV0TQrgr7/ZliKsm/MNDxVVutlWaziMq7wJNAz8MTqz55XLpWvva6StA==
  dependencies:
    "@babel/types" "^7.28.2"

"@babel/types@^7.28.2":
  version "7.28.2"
  resolved "https://registry.yarnpkg.com/@babel/types/-/types-7.28.2.tgz#da9db0856a9a88e0a13b019881d7513588cf712b"
  integrity sha512-ruv7Ae4J5dUYULmeXw1gmb7rYRz57OWCPM57pHojnLq/3Z1CK2lNSLTCVjxVk1F/TZHwOZZrOWi0ur95BbLxNQ==
  dependencies:
    "@babel/helper-string-parser" "^7.27.1"
    "@babel/helper-validator-identifier" "^7.27.1"

"@esbuild/aix-ppc64@0.21.5":
  version "0.21.5"
  resolved "https://registry.yarnpkg.com/@esbuild/aix-ppc64/-/aix-ppc64-0.21.5.tgz#c7184a326533fcdf1b8ee0733e21c713b975575f"
  integrity sha512-1SDgH6ZSPTlggy1yI6+Dbkiz8xzpHJEVAlF/AM1tHPLsf5STom9rwtjE4hKAF20FfXXNTFqEYXyJNWh1GiZedQ==

"@esbuild/android-arm64@0.21.5":
  version "0.21.5"
  resolved "https://registry.yarnpkg.com/@esbuild/android-arm64/-/android-arm64-0.21.5.tgz#09d9b4357780da9ea3a7dfb833a1f1ff439b4052"
  integrity sha512-c0uX9VAUBQ7dTDCjq+wdyGLowMdtR/GoC2U5IYk/7D1H1JYC0qseD7+11iMP2mRLN9RcCMRcjC4YMclCzGwS/A==

"@esbuild/android-arm@0.21.5":
  version "0.21.5"
  resolved "https://registry.yarnpkg.com/@esbuild/android-arm/-/android-arm-0.21.5.tgz#9b04384fb771926dfa6d7ad04324ecb2ab9b2e28"
  integrity sha512-vCPvzSjpPHEi1siZdlvAlsPxXl7WbOVUBBAowWug4rJHb68Ox8KualB+1ocNvT5fjv6wpkX6o/iEpbDrf68zcg==

"@esbuild/android-x64@0.21.5":
  version "0.21.5"
  resolved "https://registry.yarnpkg.com/@esbuild/android-x64/-/android-x64-0.21.5.tgz#29918ec2db754cedcb6c1b04de8cd6547af6461e"
  integrity sha512-D7aPRUUNHRBwHxzxRvp856rjUHRFW1SdQATKXH2hqA0kAZb1hKmi02OpYRacl0TxIGz/ZmXWlbZgjwWYaCakTA==

"@esbuild/darwin-arm64@0.21.5":
  version "0.21.5"
  resolved "https://registry.yarnpkg.com/@esbuild/darwin-arm64/-/darwin-arm64-0.21.5.tgz#e495b539660e51690f3928af50a76fb0a6ccff2a"
  integrity sha512-DwqXqZyuk5AiWWf3UfLiRDJ5EDd49zg6O9wclZ7kUMv2WRFr4HKjXp/5t8JZ11QbQfUS6/cRCKGwYhtNAY88kQ==

"@esbuild/darwin-x64@0.21.5":
  version "0.21.5"
  resolved "https://registry.yarnpkg.com/@esbuild/darwin-x64/-/darwin-x64-0.21.5.tgz#c13838fa57372839abdddc91d71542ceea2e1e22"
  integrity sha512-se/JjF8NlmKVG4kNIuyWMV/22ZaerB+qaSi5MdrXtd6R08kvs2qCN4C09miupktDitvh8jRFflwGFBQcxZRjbw==

"@esbuild/freebsd-arm64@0.21.5":
  version "0.21.5"
  resolved "https://registry.yarnpkg.com/@esbuild/freebsd-arm64/-/freebsd-arm64-0.21.5.tgz#646b989aa20bf89fd071dd5dbfad69a3542e550e"
  integrity sha512-5JcRxxRDUJLX8JXp/wcBCy3pENnCgBR9bN6JsY4OmhfUtIHe3ZW0mawA7+RDAcMLrMIZaf03NlQiX9DGyB8h4g==

"@esbuild/freebsd-x64@0.21.5":
  version "0.21.5"
  resolved "https://registry.yarnpkg.com/@esbuild/freebsd-x64/-/freebsd-x64-0.21.5.tgz#aa615cfc80af954d3458906e38ca22c18cf5c261"
  integrity sha512-J95kNBj1zkbMXtHVH29bBriQygMXqoVQOQYA+ISs0/2l3T9/kj42ow2mpqerRBxDJnmkUDCaQT/dfNXWX/ZZCQ==

"@esbuild/linux-arm64@0.21.5":
  version "0.21.5"
  resolved "https://registry.yarnpkg.com/@esbuild/linux-arm64/-/linux-arm64-0.21.5.tgz#70ac6fa14f5cb7e1f7f887bcffb680ad09922b5b"
  integrity sha512-ibKvmyYzKsBeX8d8I7MH/TMfWDXBF3db4qM6sy+7re0YXya+K1cem3on9XgdT2EQGMu4hQyZhan7TeQ8XkGp4Q==

"@esbuild/linux-arm@0.21.5":
  version "0.21.5"
  resolved "https://registry.yarnpkg.com/@esbuild/linux-arm/-/linux-arm-0.21.5.tgz#fc6fd11a8aca56c1f6f3894f2bea0479f8f626b9"
  integrity sha512-bPb5AHZtbeNGjCKVZ9UGqGwo8EUu4cLq68E95A53KlxAPRmUyYv2D6F0uUI65XisGOL1hBP5mTronbgo+0bFcA==

"@esbuild/linux-ia32@0.21.5":
  version "0.21.5"
  resolved "https://registry.yarnpkg.com/@esbuild/linux-ia32/-/linux-ia32-0.21.5.tgz#3271f53b3f93e3d093d518d1649d6d68d346ede2"
  integrity sha512-YvjXDqLRqPDl2dvRODYmmhz4rPeVKYvppfGYKSNGdyZkA01046pLWyRKKI3ax8fbJoK5QbxblURkwK/MWY18Tg==

"@esbuild/linux-loong64@0.21.5":
  version "0.21.5"
  resolved "https://registry.yarnpkg.com/@esbuild/linux-loong64/-/linux-loong64-0.21.5.tgz#ed62e04238c57026aea831c5a130b73c0f9f26df"
  integrity sha512-uHf1BmMG8qEvzdrzAqg2SIG/02+4/DHB6a9Kbya0XDvwDEKCoC8ZRWI5JJvNdUjtciBGFQ5PuBlpEOXQj+JQSg==

"@esbuild/linux-mips64el@0.21.5":
  version "0.21.5"
  resolved "https://registry.yarnpkg.com/@esbuild/linux-mips64el/-/linux-mips64el-0.21.5.tgz#e79b8eb48bf3b106fadec1ac8240fb97b4e64cbe"
  integrity sha512-IajOmO+KJK23bj52dFSNCMsz1QP1DqM6cwLUv3W1QwyxkyIWecfafnI555fvSGqEKwjMXVLokcV5ygHW5b3Jbg==

"@esbuild/linux-ppc64@0.21.5":
  version "0.21.5"
  resolved "https://registry.yarnpkg.com/@esbuild/linux-ppc64/-/linux-ppc64-0.21.5.tgz#5f2203860a143b9919d383ef7573521fb154c3e4"
  integrity sha512-1hHV/Z4OEfMwpLO8rp7CvlhBDnjsC3CttJXIhBi+5Aj5r+MBvy4egg7wCbe//hSsT+RvDAG7s81tAvpL2XAE4w==

"@esbuild/linux-riscv64@0.21.5":
  version "0.21.5"
  resolved "https://registry.yarnpkg.com/@esbuild/linux-riscv64/-/linux-riscv64-0.21.5.tgz#07bcafd99322d5af62f618cb9e6a9b7f4bb825dc"
  integrity sha512-2HdXDMd9GMgTGrPWnJzP2ALSokE/0O5HhTUvWIbD3YdjME8JwvSCnNGBnTThKGEB91OZhzrJ4qIIxk/SBmyDDA==

"@esbuild/linux-s390x@0.21.5":
  version "0.21.5"
  resolved "https://registry.yarnpkg.com/@esbuild/linux-s390x/-/linux-s390x-0.21.5.tgz#b7ccf686751d6a3e44b8627ababc8be3ef62d8de"
  integrity sha512-zus5sxzqBJD3eXxwvjN1yQkRepANgxE9lgOW2qLnmr8ikMTphkjgXu1HR01K4FJg8h1kEEDAqDcZQtbrRnB41A==

"@esbuild/linux-x64@0.21.5":
  version "0.21.5"
  resolved "https://registry.yarnpkg.com/@esbuild/linux-x64/-/linux-x64-0.21.5.tgz#6d8f0c768e070e64309af8004bb94e68ab2bb3b0"
  integrity sha512-1rYdTpyv03iycF1+BhzrzQJCdOuAOtaqHTWJZCWvijKD2N5Xu0TtVC8/+1faWqcP9iBCWOmjmhoH94dH82BxPQ==

"@esbuild/netbsd-x64@0.21.5":
  version "0.21.5"
  resolved "https://registry.yarnpkg.com/@esbuild/netbsd-x64/-/netbsd-x64-0.21.5.tgz#bbe430f60d378ecb88decb219c602667387a6047"
  integrity sha512-Woi2MXzXjMULccIwMnLciyZH4nCIMpWQAs049KEeMvOcNADVxo0UBIQPfSmxB3CWKedngg7sWZdLvLczpe0tLg==

"@esbuild/openbsd-x64@0.21.5":
  version "0.21.5"
  resolved "https://registry.yarnpkg.com/@esbuild/openbsd-x64/-/openbsd-x64-0.21.5.tgz#99d1cf2937279560d2104821f5ccce220cb2af70"
  integrity sha512-HLNNw99xsvx12lFBUwoT8EVCsSvRNDVxNpjZ7bPn947b8gJPzeHWyNVhFsaerc0n3TsbOINvRP2byTZ5LKezow==

"@esbuild/sunos-x64@0.21.5":
  version "0.21.5"
  resolved "https://registry.yarnpkg.com/@esbuild/sunos-x64/-/sunos-x64-0.21.5.tgz#08741512c10d529566baba837b4fe052c8f3487b"
  integrity sha512-6+gjmFpfy0BHU5Tpptkuh8+uw3mnrvgs+dSPQXQOv3ekbordwnzTVEb4qnIvQcYXq6gzkyTnoZ9dZG+D4garKg==

"@esbuild/win32-arm64@0.21.5":
  version "0.21.5"
  resolved "https://registry.yarnpkg.com/@esbuild/win32-arm64/-/win32-arm64-0.21.5.tgz#675b7385398411240735016144ab2e99a60fc75d"
  integrity sha512-Z0gOTd75VvXqyq7nsl93zwahcTROgqvuAcYDUr+vOv8uHhNSKROyU961kgtCD1e95IqPKSQKH7tBTslnS3tA8A==

"@esbuild/win32-ia32@0.21.5":
  version "0.21.5"
  resolved "https://registry.yarnpkg.com/@esbuild/win32-ia32/-/win32-ia32-0.21.5.tgz#1bfc3ce98aa6ca9a0969e4d2af72144c59c1193b"
  integrity sha512-SWXFF1CL2RVNMaVs+BBClwtfZSvDgtL//G/smwAc5oVK/UPu2Gu9tIaRgFmYFFKrmg3SyAjSrElf0TiJ1v8fYA==

"@esbuild/win32-x64@0.21.5":
  version "0.21.5"
  resolved "https://registry.yarnpkg.com/@esbuild/win32-x64/-/win32-x64-0.21.5.tgz#acad351d582d157bb145535db2a6ff53dd514b5c"
  integrity sha512-tQd/1efJuzPC6rCFwEvLtci/xNFcTZknmXs98FYDfGE4wP9ClFV98nyKrzJKVPMhdDnjzLhdUyMX4PsQAPjwIw==

"@jridgewell/sourcemap-codec@^1.5.5":
  version "1.5.5"
  resolved "https://registry.yarnpkg.com/@jridgewell/sourcemap-codec/-/sourcemap-codec-1.5.5.tgz#6912b00d2c631c0d15ce1a7ab57cd657f2a8f8ba"
  integrity sha512-cYQ9310grqxueWbl+WuIUIaiUaDcj7WOq5fVhEljNVgRfOUhY9fy2zTvfoqWsnebh8Sl70VScFbICvJnLKB0Og==

"@rollup/rollup-android-arm-eabi@4.48.0":
  version "4.48.0"
  resolved "https://registry.yarnpkg.com/@rollup/rollup-android-arm-eabi/-/rollup-android-arm-eabi-4.48.0.tgz#f91bfea874c4f293020e1a5019a28b01f772edff"
  integrity sha512-aVzKH922ogVAWkKiyKXorjYymz2084zrhrZRXtLrA5eEx5SO8Dj0c/4FpCHZyn7MKzhW2pW4tK28vVr+5oQ2xw==

"@rollup/rollup-android-arm64@4.48.0":
  version "4.48.0"
  resolved "https://registry.yarnpkg.com/@rollup/rollup-android-arm64/-/rollup-android-arm64-4.48.0.tgz#b003a2dd92e88d2b7e916f50bd0d3ada52cc138b"
  integrity sha512-diOdQuw43xTa1RddAFbhIA8toirSzFMcnIg8kvlzRbK26xqEnKJ/vqQnghTAajy2Dcy42v+GMPMo6jq67od+Dw==

"@rollup/rollup-darwin-arm64@4.48.0":
  version "4.48.0"
  resolved "https://registry.yarnpkg.com/@rollup/rollup-darwin-arm64/-/rollup-darwin-arm64-4.48.0.tgz#8e5a428959ab8c5d4e3af72491993d071f99c9a1"
  integrity sha512-QhR2KA18fPlJWFefySJPDYZELaVqIUVnYgAOdtJ+B/uH96CFg2l1TQpX19XpUMWUqMyIiyY45wje8K6F4w4/CA==

"@rollup/rollup-darwin-x64@4.48.0":
  version "4.48.0"
  resolved "https://registry.yarnpkg.com/@rollup/rollup-darwin-x64/-/rollup-darwin-x64-4.48.0.tgz#0cf98c7bd86efe0ae75db105c7b3251b0a2f6c14"
  integrity sha512-Q9RMXnQVJ5S1SYpNSTwXDpoQLgJ/fbInWOyjbCnnqTElEyeNvLAB3QvG5xmMQMhFN74bB5ZZJYkKaFPcOG8sGg==

"@rollup/rollup-freebsd-arm64@4.48.0":
  version "4.48.0"
  resolved "https://registry.yarnpkg.com/@rollup/rollup-freebsd-arm64/-/rollup-freebsd-arm64-4.48.0.tgz#fa75b7cd3d37fdb9ae53b92d4709c4edc638e9a4"
  integrity sha512-3jzOhHWM8O8PSfyft+ghXZfBkZawQA0PUGtadKYxFqpcYlOYjTi06WsnYBsbMHLawr+4uWirLlbhcYLHDXR16w==

"@rollup/rollup-freebsd-x64@4.48.0":
  version "4.48.0"
  resolved "https://registry.yarnpkg.com/@rollup/rollup-freebsd-x64/-/rollup-freebsd-x64-4.48.0.tgz#6c4e4223ed46aec752e7463b217efc679c12ce65"
  integrity sha512-NcD5uVUmE73C/TPJqf78hInZmiSBsDpz3iD5MF/BuB+qzm4ooF2S1HfeTChj5K4AV3y19FFPgxonsxiEpy8v/A==

"@rollup/rollup-linux-arm-gnueabihf@4.48.0":
  version "4.48.0"
  resolved "https://registry.yarnpkg.com/@rollup/rollup-linux-arm-gnueabihf/-/rollup-linux-arm-gnueabihf-4.48.0.tgz#3cdf8f62bbdade6cfa61c87d377b2ed087e5d5d7"
  integrity sha512-JWnrj8qZgLWRNHr7NbpdnrQ8kcg09EBBq8jVOjmtlB3c8C6IrynAJSMhMVGME4YfTJzIkJqvSUSVJRqkDnu/aA==

"@rollup/rollup-linux-arm-musleabihf@4.48.0":
  version "4.48.0"
  resolved "https://registry.yarnpkg.com/@rollup/rollup-linux-arm-musleabihf/-/rollup-linux-arm-musleabihf-4.48.0.tgz#df764e820512012de1dc847eaaadbad804ea28f3"
  integrity sha512-9xu92F0TxuMH0tD6tG3+GtngwdgSf8Bnz+YcsPG91/r5Vgh5LNofO48jV55priA95p3c92FLmPM7CvsVlnSbGQ==

"@rollup/rollup-linux-arm64-gnu@4.48.0":
  version "4.48.0"
  resolved "https://registry.yarnpkg.com/@rollup/rollup-linux-arm64-gnu/-/rollup-linux-arm64-gnu-4.48.0.tgz#92848c7baddc26233ac60ad6d0548e6b2d23b28c"
  integrity sha512-NLtvJB5YpWn7jlp1rJiY0s+G1Z1IVmkDuiywiqUhh96MIraC0n7XQc2SZ1CZz14shqkM+XN2UrfIo7JB6UufOA==

"@rollup/rollup-linux-arm64-musl@4.48.0":
  version "4.48.0"
  resolved "https://registry.yarnpkg.com/@rollup/rollup-linux-arm64-musl/-/rollup-linux-arm64-musl-4.48.0.tgz#d4cc292ed6b0da928994732841c3da5fa5d9ec50"
  integrity sha512-QJ4hCOnz2SXgCh+HmpvZkM+0NSGcZACyYS8DGbWn2PbmA0e5xUk4bIP8eqJyNXLtyB4gZ3/XyvKtQ1IFH671vQ==

"@rollup/rollup-linux-loongarch64-gnu@4.48.0":
  version "4.48.0"
  resolved "https://registry.yarnpkg.com/@rollup/rollup-linux-loongarch64-gnu/-/rollup-linux-loongarch64-gnu-4.48.0.tgz#4679cbff59343cf7ee1c0e6eb3ebec105112b3b3"
  integrity sha512-Pk0qlGJnhILdIC5zSKQnprFjrGmjfDM7TPZ0FKJxRkoo+kgMRAg4ps1VlTZf8u2vohSicLg7NP+cA5qE96PaFg==

"@rollup/rollup-linux-ppc64-gnu@4.48.0":
  version "4.48.0"
  resolved "https://registry.yarnpkg.com/@rollup/rollup-linux-ppc64-gnu/-/rollup-linux-ppc64-gnu-4.48.0.tgz#89b30d351b4d320d16043c74332c353971c31aae"
  integrity sha512-/dNFc6rTpoOzgp5GKoYjT6uLo8okR/Chi2ECOmCZiS4oqh3mc95pThWma7Bgyk6/WTEvjDINpiBCuecPLOgBLQ==

"@rollup/rollup-linux-riscv64-gnu@4.48.0":
  version "4.48.0"
  resolved "https://registry.yarnpkg.com/@rollup/rollup-linux-riscv64-gnu/-/rollup-linux-riscv64-gnu-4.48.0.tgz#197691ff7924c82c68382a6ca9a5703180d1c5f4"
  integrity sha512-YBwXsvsFI8CVA4ej+bJF2d9uAeIiSkqKSPQNn0Wyh4eMDY4wxuSp71BauPjQNCKK2tD2/ksJ7uhJ8X/PVY9bHQ==

"@rollup/rollup-linux-riscv64-musl@4.48.0":
  version "4.48.0"
  resolved "https://registry.yarnpkg.com/@rollup/rollup-linux-riscv64-musl/-/rollup-linux-riscv64-musl-4.48.0.tgz#b2fd2fabec8097bcb97783d283b8620748db3983"
  integrity sha512-FI3Rr2aGAtl1aHzbkBIamsQyuauYtTF9SDUJ8n2wMXuuxwchC3QkumZa1TEXYIv/1AUp1a25Kwy6ONArvnyeVQ==

"@rollup/rollup-linux-s390x-gnu@4.48.0":
  version "4.48.0"
  resolved "https://registry.yarnpkg.com/@rollup/rollup-linux-s390x-gnu/-/rollup-linux-s390x-gnu-4.48.0.tgz#1491d1466030c9fcdfc35dde39d29afa1cc01df5"
  integrity sha512-Dx7qH0/rvNNFmCcIRe1pyQ9/H0XO4v/f0SDoafwRYwc2J7bJZ5N4CHL/cdjamISZ5Cgnon6iazAVRFlxSoHQnQ==

"@rollup/rollup-linux-x64-gnu@4.48.0":
  version "4.48.0"
  resolved "https://registry.yarnpkg.com/@rollup/rollup-linux-x64-gnu/-/rollup-linux-x64-gnu-4.48.0.tgz#9be6c47712a91b56d3801a46f41360034f4eb754"
  integrity sha512-GUdZKTeKBq9WmEBzvFYuC88yk26vT66lQV8D5+9TgkfbewhLaTHRNATyzpQwwbHIfJvDJ3N9WJ90wK/uR3cy3Q==

"@rollup/rollup-linux-x64-musl@4.48.0":
  version "4.48.0"
  resolved "https://registry.yarnpkg.com/@rollup/rollup-linux-x64-musl/-/rollup-linux-x64-musl-4.48.0.tgz#8cc51757dcbaabfa936778808fcdec2f8b8b347e"
  integrity sha512-ao58Adz/v14MWpQgYAb4a4h3fdw73DrDGtaiF7Opds5wNyEQwtO6M9dBh89nke0yoZzzaegq6J/EXs7eBebG8A==

"@rollup/rollup-win32-arm64-msvc@4.48.0":
  version "4.48.0"
  resolved "https://registry.yarnpkg.com/@rollup/rollup-win32-arm64-msvc/-/rollup-win32-arm64-msvc-4.48.0.tgz#ca4b67672fe48d2116335ac57176dc1b076c0d26"
  integrity sha512-kpFno46bHtjZVdRIOxqaGeiABiToo2J+st7Yce+aiAoo1H0xPi2keyQIP04n2JjDVuxBN6bSz9R6RdTK5hIppw==

"@rollup/rollup-win32-ia32-msvc@4.48.0":
  version "4.48.0"
  resolved "https://registry.yarnpkg.com/@rollup/rollup-win32-ia32-msvc/-/rollup-win32-ia32-msvc-4.48.0.tgz#17057d3601b5bdda31cb5c336894d581fa6a4b57"
  integrity sha512-rFYrk4lLk9YUTIeihnQMiwMr6gDhGGSbWThPEDfBoU/HdAtOzPXeexKi7yU8jO+LWRKnmqPN9NviHQf6GDwBcQ==

"@rollup/rollup-win32-x64-msvc@4.48.0":
  version "4.48.0"
  resolved "https://registry.yarnpkg.com/@rollup/rollup-win32-x64-msvc/-/rollup-win32-x64-msvc-4.48.0.tgz#808cefb05558e05d1a7865b4ff25ccd1aef18f42"
  integrity sha512-sq0hHLTgdtwOPDB5SJOuaoHyiP1qSwg+71TQWk8iDS04bW1wIE0oQ6otPiRj2ZvLYNASLMaTp8QRGUVZ+5OL5A==

"@types/estree@1.0.8":
  version "1.0.8"
  resolved "https://registry.yarnpkg.com/@types/estree/-/estree-1.0.8.tgz#958b91c991b1867ced318bedea0e215ee050726e"
  integrity sha512-dWHzHa2WqEXI/O1E9OjrocMTKJl2mSrEolh1Iomrv6U+JuNwaHXsXx9bLu5gG7BUWFIN0skIQJQ/L1rIex4X6w==

"@vitejs/plugin-vue@^5.0.4":
  version "5.2.4"
  resolved "https://registry.yarnpkg.com/@vitejs/plugin-vue/-/plugin-vue-5.2.4.tgz#9e8a512eb174bfc2a333ba959bbf9de428d89ad8"
  integrity sha512-7Yx/SXSOcQq5HiiV3orevHUFn+pmMB4cgbEkDYgnkUWb0WfeQ/wa2yFv6D5ICiCQOVpjA7vYDXrC7AGO8yjDHA==

"@vue/compiler-core@3.5.19":
  version "3.5.19"
  resolved "https://registry.yarnpkg.com/@vue/compiler-core/-/compiler-core-3.5.19.tgz#f141d35b61b55ce72c3cbb4dc9eeca3821d451aa"
  integrity sha512-/afpyvlkrSNYbPo94Qu8GtIOWS+g5TRdOvs6XZNw6pWQQmj5pBgSZvEPOIZlqWq0YvoUhDDQaQ2TnzuJdOV4hA==
  dependencies:
    "@babel/parser" "^7.28.3"
    "@vue/shared" "3.5.19"
    entities "^4.5.0"
    estree-walker "^2.0.2"
    source-map-js "^1.2.1"

"@vue/compiler-dom@3.5.19":
  version "3.5.19"
  resolved "https://registry.yarnpkg.com/@vue/compiler-dom/-/compiler-dom-3.5.19.tgz#fc57d9dca4987df67d6ce64dbddaac6d73f1a6ef"
  integrity sha512-Drs6rPHQZx/pN9S6ml3Z3K/TWCIRPvzG2B/o5kFK9X0MNHt8/E+38tiRfojufrYBfA6FQUFB2qBBRXlcSXWtOA==
  dependencies:
    "@vue/compiler-core" "3.5.19"
    "@vue/shared" "3.5.19"

"@vue/compiler-sfc@3.5.19":
  version "3.5.19"
  resolved "https://registry.yarnpkg.com/@vue/compiler-sfc/-/compiler-sfc-3.5.19.tgz#7f9792ad7de5d4be9b6a32129c75e1f6cd4da015"
  integrity sha512-YWCm1CYaJ+2RvNmhCwI7t3I3nU+hOrWGWMsn+Z/kmm1jy5iinnVtlmkiZwbLlbV1SRizX7vHsc0/bG5dj0zRTg==
  dependencies:
    "@babel/parser" "^7.28.3"
    "@vue/compiler-core" "3.5.19"
    "@vue/compiler-dom" "3.5.19"
    "@vue/compiler-ssr" "3.5.19"
    "@vue/shared" "3.5.19"
    estree-walker "^2.0.2"
    magic-string "^0.30.17"
    postcss "^8.5.6"
    source-map-js "^1.2.1"

"@vue/compiler-ssr@3.5.19":
  version "3.5.19"
  resolved "https://registry.yarnpkg.com/@vue/compiler-ssr/-/compiler-ssr-3.5.19.tgz#1719e7fda6d54f5696ca63d4d40281668c0e601c"
  integrity sha512-/wx0VZtkWOPdiQLWPeQeqpHWR/LuNC7bHfSX7OayBTtUy8wur6vT6EQIX6Et86aED6J+y8tTw43qo2uoqGg5sw==
  dependencies:
    "@vue/compiler-dom" "3.5.19"
    "@vue/shared" "3.5.19"

"@vue/reactivity@3.5.19":
  version "3.5.19"
  resolved "https://registry.yarnpkg.com/@vue/reactivity/-/reactivity-3.5.19.tgz#c06f172da26e2fc74060cc490d1c3aaffc024622"
  integrity sha512-4bueZg2qs5MSsK2dQk3sssV0cfvxb/QZntTC8v7J448GLgmfPkQ+27aDjlt40+XFqOwUq5yRxK5uQh14Fc9eVA==
  dependencies:
    "@vue/shared" "3.5.19"

"@vue/runtime-core@3.5.19":
  version "3.5.19"
  resolved "https://registry.yarnpkg.com/@vue/runtime-core/-/runtime-core-3.5.19.tgz#7af375addd88b8be0a3a90162112bb98f92a9359"
  integrity sha512-TaooCr8Hge1sWjLSyhdubnuofs3shhzZGfyD11gFolZrny76drPwBVQj28/z/4+msSFb18tOIg6VVVgf9/IbIA==
  dependencies:
    "@vue/reactivity" "3.5.19"
    "@vue/shared" "3.5.19"

"@vue/runtime-dom@3.5.19":
  version "3.5.19"
  resolved "https://registry.yarnpkg.com/@vue/runtime-dom/-/runtime-dom-3.5.19.tgz#b8cb4101778a306bdb64b5faba539a90ecce712c"
  integrity sha512-qmahqeok6ztuUTmV8lqd7N9ymbBzctNF885n8gL3xdCC1u2RnM/coX16Via0AiONQXUoYpxPojL3U1IsDgSWUQ==
  dependencies:
    "@vue/reactivity" "3.5.19"
    "@vue/runtime-core" "3.5.19"
    "@vue/shared" "3.5.19"
    csstype "^3.1.3"

"@vue/server-renderer@3.5.19":
  version "3.5.19"
  resolved "https://registry.yarnpkg.com/@vue/server-renderer/-/server-renderer-3.5.19.tgz#68269701e73640ec0b861fcaff5cc77331d245e9"
  integrity sha512-ZJ/zV9SQuaIO+BEEVq/2a6fipyrSYfjKMU3267bPUk+oTx/hZq3RzV7VCh0Unlppt39Bvh6+NzxeopIFv4HJNg==
  dependencies:
    "@vue/compiler-ssr" "3.5.19"
    "@vue/shared" "3.5.19"

"@vue/shared@3.5.19":
  version "3.5.19"
  resolved "https://registry.yarnpkg.com/@vue/shared/-/shared-3.5.19.tgz#5301967a910cb62145e4f17131f3bee88b463c83"
  integrity sha512-IhXCOn08wgKrLQxRFKKlSacWg4Goi1BolrdEeLYn6tgHjJNXVrWJ5nzoxZqNwl5p88aLlQ8LOaoMa3AYvaKJ/Q==

csstype@^3.1.3:
  version "3.1.3"
  resolved "https://registry.yarnpkg.com/csstype/-/csstype-3.1.3.tgz#d80ff294d114fb0e6ac500fbf85b60137d7eff81"
  integrity sha512-M1uQkMl8rQK/szD0LNhtqxIPLpimGm8sOBwU7lLnCpSbTyY3yeU1Vc7l4KT5zT4s/yOxHH5O7tIuuLOCnLADRw==

entities@^4.5.0:
  version "4.5.0"
  resolved "https://registry.yarnpkg.com/entities/-/entities-4.5.0.tgz#5d268ea5e7113ec74c4d033b79ea5a35a488fb48"
  integrity sha512-V0hjH4dGPh9Ao5p0MoRY6BVqtwCjhz6vI5LT8AJ55H+4g9/4vbHx1I54fS0XuclLhDHArPQCiMjDxjaL8fPxhw==

esbuild@^0.21.3:
  version "0.21.5"
  resolved "https://registry.yarnpkg.com/esbuild/-/esbuild-0.21.5.tgz#9ca301b120922959b766360d8ac830da0d02997d"
  integrity sha512-mg3OPMV4hXywwpoDxu3Qda5xCKQi+vCTZq8S9J/EpkhB2HzKXq4SNFZE3+NK93JYxc8VMSep+lOUSC/RVKaBqw==
  optionalDependencies:
    "@esbuild/aix-ppc64" "0.21.5"
    "@esbuild/android-arm" "0.21.5"
    "@esbuild/android-arm64" "0.21.5"
    "@esbuild/android-x64" "0.21.5"
    "@esbuild/darwin-arm64" "0.21.5"
    "@esbuild/darwin-x64" "0.21.5"
    "@esbuild/freebsd-arm64" "0.21.5"
    "@esbuild/freebsd-x64" "0.21.5"
    "@esbuild/linux-arm" "0.21.5"
    "@esbuild/linux-arm64" "0.21.5"
    "@esbuild/linux-ia32" "0.21.5"
    "@esbuild/linux-loong64" "0.21.5"
    "@esbuild/linux-mips64el" "0.21.5"
    "@esbuild/linux-ppc64" "0.21.5"
    "@esbuild/linux-riscv64" "0.21.5"
    "@esbuild/linux-s390x" "0.21.5"
    "@esbuild/linux-x64" "0.21.5"
    "@esbuild/netbsd-x64" "0.21.5"
    "@esbuild/openbsd-x64" "0.21.5"
    "@esbuild/sunos-x64" "0.21.5"
    "@esbuild/win32-arm64" "0.21.5"
    "@esbuild/win32-ia32" "0.21.5"
    "@esbuild/win32-x64" "0.21.5"

estree-walker@^2.0.2:
  version "2.0.2"
  resolved "https://registry.yarnpkg.com/estree-walker/-/estree-walker-2.0.2.tgz#52f010178c2a4c117a7757cfe942adb7d2da4cac"
  integrity sha512-Rfkk/Mp/DL7JVje3u18FxFujQlTNR2q6QfMSMB7AvCBx91NGj/ba3kCfza0f6dVDbw7YlRf/nDrn7pQrCCyQ/w==

fsevents@~2.3.2, fsevents@~2.3.3:
  version "2.3.3"
  resolved "https://registry.yarnpkg.com/fsevents/-/fsevents-2.3.3.tgz#cac6407785d03675a2a5e1a5305c697b347d90d6"
  integrity sha512-5xoDfX+fL7faATnagmWPpbFtwh/R77WmMMqqHGS65C3vvB0YHrgF+B1YmZ3441tMj5n63k0212XNoJwzlhffQw==

magic-string@^0.30.17:
  version "0.30.18"
  resolved "https://registry.yarnpkg.com/magic-string/-/magic-string-0.30.18.tgz#905bfbbc6aa5692703a93db26a9edcaa0007d2bb"
  integrity sha512-yi8swmWbO17qHhwIBNeeZxTceJMeBvWJaId6dyvTSOwTipqeHhMhOrz6513r1sOKnpvQ7zkhlG8tPrpilwTxHQ==
  dependencies:
    "@jridgewell/sourcemap-codec" "^1.5.5"

nanoid@^3.3.11:
  version "3.3.11"
  resolved "https://registry.yarnpkg.com/nanoid/-/nanoid-3.3.11.tgz#4f4f112cefbe303202f2199838128936266d185b"
  integrity sha512-N8SpfPUnUp1bK+PMYW8qSWdl9U+wwNWI4QKxOYDy9JAro3WMX7p2OeVRF9v+347pnakNevPmiHhNmZ2HbFA76w==

picocolors@^1.1.1:
  version "1.1.1"
  resolved "https://registry.yarnpkg.com/picocolors/-/picocolors-1.1.1.tgz#3d321af3eab939b083c8f929a1d12cda81c26b6b"
  integrity sha512-xceH2snhtb5M9liqDsmEw56le376mTZkEX/jEb/RxNFyegNul7eNslCXP9FDj/Lcu0X8KEyMceP2ntpaHrDEVA==

postcss@^8.4.43, postcss@^8.5.6:
  version "8.5.6"
  resolved "https://registry.yarnpkg.com/postcss/-/postcss-8.5.6.tgz#2825006615a619b4f62a9e7426cc120b349a8f3c"
  integrity sha512-3Ybi1tAuwAP9s0r1UQ2J4n5Y0G05bJkpUIO0/bI9MhwmD70S5aTWbXGBwxHrelT+XM1k6dM0pk+SwNkpTRN7Pg==
  dependencies:
    nanoid "^3.3.11"
    picocolors "^1.1.1"
    source-map-js "^1.2.1"

rollup@^4.20.0:
  version "4.48.0"
  resolved "https://registry.yarnpkg.com/rollup/-/rollup-4.48.0.tgz#de9d50e4691b34c8db9ceabacdfcac19abcf168b"
  integrity sha512-BXHRqK1vyt9XVSEHZ9y7xdYtuYbwVod2mLwOMFP7t/Eqoc1pHRlG/WdV2qNeNvZHRQdLedaFycljaYYM96RqJQ==
  dependencies:
    "@types/estree" "1.0.8"
  optionalDependencies:
    "@rollup/rollup-android-arm-eabi" "4.48.0"
    "@rollup/rollup-android-arm64" "4.48.0"
    "@rollup/rollup-darwin-arm64" "4.48.0"
    "@rollup/rollup-darwin-x64" "4.48.0"
    "@rollup/rollup-freebsd-arm64" "4.48.0"
    "@rollup/rollup-freebsd-x64" "4.48.0"
    "@rollup/rollup-linux-arm-gnueabihf" "4.48.0"
    "@rollup/rollup-linux-arm-musleabihf" "4.48.0"
    "@rollup/rollup-linux-arm64-gnu" "4.48.0"
    "@rollup/rollup-linux-arm64-musl" "4.48.0"
    "@rollup/rollup-linux-loongarch64-gnu" "4.48.0"
    "@rollup/rollup-linux-ppc64-gnu" "4.48.0"
    "@rollup/rollup-linux-riscv64-gnu" "4.48.0"
    "@rollup/rollup-linux-riscv64-musl" "4.48.0"
    "@rollup/rollup-linux-s390x-gnu" "4.48.0"
    "@rollup/rollup-linux-x64-gnu" "4.48.0"
    "@rollup/rollup-linux-x64-musl" "4.48.0"
    "@rollup/rollup-win32-arm64-msvc" "4.48.0"
    "@rollup/rollup-win32-ia32-msvc" "4.48.0"
    "@rollup/rollup-win32-x64-msvc" "4.48.0"
    fsevents "~2.3.2"

source-map-js@^1.2.1:
  version "1.2.1"
  resolved "https://registry.yarnpkg.com/source-map-js/-/source-map-js-1.2.1.tgz#1ce5650fddd87abc099eda37dcff024c2667ae46"
  integrity sha512-UXWMKhLOwVKb728IUtQPXxfYU+usdybtUrK/8uGE8CQMvrhOpwvzDBwj0QhSL7MQc7vIsISBG8VQ8+IDQxpfQA==

vite@^5.2.11:
  version "5.4.19"
  resolved "https://registry.yarnpkg.com/vite/-/vite-5.4.19.tgz#20efd060410044b3ed555049418a5e7d1998f959"
  integrity sha512-qO3aKv3HoQC8QKiNSTuUM1l9o/XX3+c+VTgLHbJWHZGeTPVAg2XwazI9UWzoxjIJCGCV2zU60uqMzjeLZuULqA==
  dependencies:
    esbuild "^0.21.3"
    postcss "^8.4.43"
    rollup "^4.20.0"
  optionalDependencies:
    fsevents "~2.3.3"

vue-draggable-plus@^0.3.5:
  version "0.3.5"
  resolved "https://registry.yarnpkg.com/vue-draggable-plus/-/vue-draggable-plus-0.3.5.tgz#e37f2eaf6b50a8aa061952784dbc7cf2be071183"
  integrity sha512-HqIxV4Wr4U5LRPLRi2oV+EJ4g6ibyRKhuaiH4ZQo+LxK4zrk2XcBk9UyXC88OXp4SAq0XYH4Wco/T3LX5kJ79A==

vue@^3.4.21:
  version "3.5.19"
  resolved "https://registry.yarnpkg.com/vue/-/vue-3.5.19.tgz#973ba643a331bd35578eec2a27fa115f500eb25b"
  integrity sha512-ZRh0HTmw6KChRYWgN8Ox/wi7VhpuGlvMPrHjIsdRbzKNgECFLzy+dKL5z9yGaBSjCpmcfJCbh3I1tNSRmBz2tg==
  dependencies:
    "@vue/compiler-dom" "3.5.19"
    "@vue/compiler-sfc" "3.5.19"
    "@vue/runtime-dom" "3.5.19"
    "@vue/server-renderer" "3.5.19"
    "@vue/shared" "3.5.19"
